
Microsoft Visual Studio Solution File, Format Version 12.00
# Visual Studio Version 16
VisualStudioVersion = 16.0.29519.87
MinimumVisualStudioVersion = 10.0.40219.1
Project("{FAE04EC0-301F-11D3-BF4B-00C04F79EFBC}") = "V53_AUTO_COMPILE", "V53_AUTO_COMPILE.csproj", "{84E8C6B2-1D07-4AB0-9BC9-D1CBDF71FA1B}"
EndProject
Global
	GlobalSection(SolutionConfigurationPlatforms) = preSolution
		Debug|Any CPU = Debug|Any CPU
		Release|Any CPU = Release|Any CPU
	EndGlobalSection
	GlobalSection(ProjectConfigurationPlatforms) = postSolution
		{84E8C6B2-1D07-4AB0-9BC9-D1CBDF71FA1B}.Debug|Any CPU.ActiveCfg = Debug|Any CPU
		{84E8C6B2-1D07-4AB0-9BC9-D1CBDF71FA1B}.Debug|Any CPU.Build.0 = Debug|Any CPU
		{84E8C6B2-1D07-4AB0-9BC9-D1CBDF71FA1B}.Release|Any CPU.ActiveCfg = Release|Any CPU
		{84E8C6B2-1D07-4AB0-9BC9-D1CBDF71FA1B}.Release|Any CPU.Build.0 = Release|Any CPU
	EndGlobalSection
	GlobalSection(SolutionProperties) = preSolution
		HideSolutionNode = FALSE
	EndGlobalSection
	GlobalSection(ExtensibilityGlobals) = postSolution
		SolutionGuid = {36C773A9-BDC9-47DF-8ED4-D45EB69CAC04}
	EndGlobalSection
EndGlobal
